// !$*UTF8*$!
{
	archiveVersion = 1;
	classes = {
	};
	objectVersion = 55;
	objects = {

/* Begin PBXBuildFile section */
		752F2BDB2A028FC4009E35E4 /* TextEditUIApp.swift in Sources */ = {isa = PBXBuildFile; fileRef = 752F2BDA2A028FC4009E35E4 /* TextEditUIApp.swift */; };
		752F2BDF2A028FC4009E35E4 /* ContentView.swift in Sources */ = {isa = PBXBuildFile; fileRef = 752F2BDE2A028FC4009E35E4 /* ContentView.swift */; };
		752F2BE12A028FC5009E35E4 /* Assets.xcassets in Resources */ = {isa = PBXBuildFile; fileRef = 752F2BE02A028FC5009E35E4 /* Assets.xcassets */; };
		752F2BE42A028FC5009E35E4 /* Preview Assets.xcassets in Resources */ = {isa = PBXBuildFile; fileRef = 752F2BE32A028FC5009E35E4 /* Preview Assets.xcassets */; };
		7582A1FC2A07096F00F8AB20 /* STTextView in Frameworks */ = {isa = PBXBuildFile; productRef = 7582A1FB2A07096F00F8AB20 /* STTextView */; };
		758A710E2A070A7E00F7E836 /* content.txt in Resources */ = {isa = PBXBuildFile; fileRef = 758A710D2A070A7E00F7E836 /* content.txt */; };
		758CDC9B2C656BBA00C3E853 /* LaunchScreen.storyboard in Resources */ = {isa = PBXBuildFile; fileRef = 758CDC9A2C656BBA00C3E853 /* LaunchScreen.storyboard */; platformFilters = (ios, maccatalyst, ); };
/* End PBXBuildFile section */

/* Begin PBXFileReference section */
		752F2BD82A028FC4009E35E4 /* TextEdit.SwiftUI.app */ = {isa = PBXFileReference; explicitFileType = wrapper.application; includeInIndex = 0; path = TextEdit.SwiftUI.app; sourceTree = BUILT_PRODUCTS_DIR; };
		752F2BDA2A028FC4009E35E4 /* TextEditUIApp.swift */ = {isa = PBXFileReference; lastKnownFileType = sourcecode.swift; path = TextEditUIApp.swift; sourceTree = "<group>"; };
		752F2BDE2A028FC4009E35E4 /* ContentView.swift */ = {isa = PBXFileReference; lastKnownFileType = sourcecode.swift; path = ContentView.swift; sourceTree = "<group>"; };
		752F2BE02A028FC5009E35E4 /* Assets.xcassets */ = {isa = PBXFileReference; lastKnownFileType = folder.assetcatalog; path = Assets.xcassets; sourceTree = "<group>"; };
		752F2BE32A028FC5009E35E4 /* Preview Assets.xcassets */ = {isa = PBXFileReference; lastKnownFileType = folder.assetcatalog; path = "Preview Assets.xcassets"; sourceTree = "<group>"; };
		752F2BE52A028FC5009E35E4 /* Info.plist */ = {isa = PBXFileReference; lastKnownFileType = text.plist.xml; path = Info.plist; sourceTree = "<group>"; };
		752F2BE62A028FC5009E35E4 /* TextEditUI.entitlements */ = {isa = PBXFileReference; lastKnownFileType = text.plist.entitlements; path = TextEditUI.entitlements; sourceTree = "<group>"; };
		758265CB2AB31F2900D5EFB5 /* STTextView */ = {isa = PBXFileReference; lastKnownFileType = wrapper; name = STTextView; path = ..; sourceTree = "<group>"; };
		758A710D2A070A7E00F7E836 /* content.txt */ = {isa = PBXFileReference; fileEncoding = 4; lastKnownFileType = text; name = content.txt; path = ../TextEdit/content.txt; sourceTree = "<group>"; };
		758CDC9A2C656BBA00C3E853 /* LaunchScreen.storyboard */ = {isa = PBXFileReference; fileEncoding = 4; lastKnownFileType = file.storyboard; path = LaunchScreen.storyboard; sourceTree = "<group>"; };
/* End PBXFileReference section */

/* Begin PBXFrameworksBuildPhase section */
		752F2BD52A028FC4009E35E4 /* Frameworks */ = {
			isa = PBXFrameworksBuildPhase;
			buildActionMask = 2147483647;
			files = (
				7582A1FC2A07096F00F8AB20 /* STTextView in Frameworks */,
			);
			runOnlyForDeploymentPostprocessing = 0;
		};
/* End PBXFrameworksBuildPhase section */

/* Begin PBXGroup section */
		752F2BE22A028FC5009E35E4 /* Preview Content */ = {
			isa = PBXGroup;
			children = (
				752F2BE32A028FC5009E35E4 /* Preview Assets.xcassets */,
			);
			path = "Preview Content";
			sourceTree = "<group>";
		};
		7544422E27B9332E00901C0E = {
			isa = PBXGroup;
			children = (
				758265CB2AB31F2900D5EFB5 /* STTextView */,
				759BE6512A06FEBA0095FCF1 /* TextEdit */,
				7544423827B9332E00901C0E /* Products */,
				7547090C27BD54B8001CA5B1 /* Frameworks */,
			);
			sourceTree = "<group>";
		};
		7544423827B9332E00901C0E /* Products */ = {
			isa = PBXGroup;
			children = (
				752F2BD82A028FC4009E35E4 /* TextEdit.SwiftUI.app */,
			);
			name = Products;
			sourceTree = "<group>";
		};
		7547090C27BD54B8001CA5B1 /* Frameworks */ = {
			isa = PBXGroup;
			children = (
			);
			name = Frameworks;
			sourceTree = "<group>";
		};
		759BE6512A06FEBA0095FCF1 /* TextEdit */ = {
			isa = PBXGroup;
			children = (
				752F2BE02A028FC5009E35E4 /* Assets.xcassets */,
				752F2BE52A028FC5009E35E4 /* Info.plist */,
				752F2BE62A028FC5009E35E4 /* TextEditUI.entitlements */,
				758CDC9A2C656BBA00C3E853 /* LaunchScreen.storyboard */,
				752F2BDA2A028FC4009E35E4 /* TextEditUIApp.swift */,
				752F2BDE2A028FC4009E35E4 /* ContentView.swift */,
				758A710D2A070A7E00F7E836 /* content.txt */,
				752F2BE22A028FC5009E35E4 /* Preview Content */,
			);
			name = TextEdit;
			sourceTree = "<group>";
		};
/* End PBXGroup section */

/* Begin PBXNativeTarget section */
		752F2BD72A028FC4009E35E4 /* TextEdit.SwiftUI */ = {
			isa = PBXNativeTarget;
			buildConfigurationList = 752F2BE92A028FC5009E35E4 /* Build configuration list for PBXNativeTarget "TextEdit.SwiftUI" */;
			buildPhases = (
				752F2BD42A028FC4009E35E4 /* Sources */,
				752F2BD52A028FC4009E35E4 /* Frameworks */,
				752F2BD62A028FC4009E35E4 /* Resources */,
			);
			buildRules = (
			);
			dependencies = (
			);
			name = TextEdit.SwiftUI;
			packageProductDependencies = (
				7582A1FB2A07096F00F8AB20 /* STTextView */,
			);
			productName = TextEditUI;
			productReference = 752F2BD82A028FC4009E35E4 /* TextEdit.SwiftUI.app */;
			productType = "com.apple.product-type.application";
		};
/* End PBXNativeTarget section */

/* Begin PBXProject section */
		7544422F27B9332E00901C0E /* Project object */ = {
			isa = PBXProject;
			attributes = {
				BuildIndependentTargetsInParallel = 1;
				LastSwiftUpdateCheck = 1430;
				LastUpgradeCheck = 1430;
				TargetAttributes = {
					752F2BD72A028FC4009E35E4 = {
						CreatedOnToolsVersion = 14.3;
					};
				};
			};
			buildConfigurationList = 7544423227B9332E00901C0E /* Build configuration list for PBXProject "TextEdit.SwiftUI" */;
			compatibilityVersion = "Xcode 13.0";
			developmentRegion = en;
			hasScannedForEncodings = 0;
			knownRegions = (
				en,
				Base,
			);
			mainGroup = 7544422E27B9332E00901C0E;
			productRefGroup = 7544423827B9332E00901C0E /* Products */;
			projectDirPath = "";
			projectRoot = "";
			targets = (
				752F2BD72A028FC4009E35E4 /* TextEdit.SwiftUI */,
			);
		};
/* End PBXProject section */

/* Begin PBXResourcesBuildPhase section */
		752F2BD62A028FC4009E35E4 /* Resources */ = {
			isa = PBXResourcesBuildPhase;
			buildActionMask = 2147483647;
			files = (
				758A710E2A070A7E00F7E836 /* content.txt in Resources */,
				758CDC9B2C656BBA00C3E853 /* LaunchScreen.storyboard in Resources */,
				752F2BE42A028FC5009E35E4 /* Preview Assets.xcassets in Resources */,
				752F2BE12A028FC5009E35E4 /* Assets.xcassets in Resources */,
			);
			runOnlyForDeploymentPostprocessing = 0;
		};
/* End PBXResourcesBuildPhase section */

/* Begin PBXSourcesBuildPhase section */
		752F2BD42A028FC4009E35E4 /* Sources */ = {
			isa = PBXSourcesBuildPhase;
			buildActionMask = 2147483647;
			files = (
				752F2BDB2A028FC4009E35E4 /* TextEditUIApp.swift in Sources */,
				752F2BDF2A028FC4009E35E4 /* ContentView.swift in Sources */,
			);
			runOnlyForDeploymentPostprocessing = 0;
		};
/* End PBXSourcesBuildPhase section */

/* Begin XCBuildConfiguration section */
		752F2BE72A028FC5009E35E4 /* Debug */ = {
			isa = XCBuildConfiguration;
			buildSettings = {
				ASSETCATALOG_COMPILER_APPICON_NAME = AppIcon;
				ASSETCATALOG_COMPILER_GLOBAL_ACCENT_COLOR_NAME = AccentColor;
				CLANG_CXX_LANGUAGE_STANDARD = "gnu++20";
				CODE_SIGN_ENTITLEMENTS = TextEditUI.entitlements;
				CODE_SIGN_STYLE = Automatic;
				COMBINE_HIDPI_IMAGES = YES;
				CURRENT_PROJECT_VERSION = 1;
				DEVELOPMENT_ASSET_PATHS = "\"Preview Content\"";
				DEVELOPMENT_TEAM = 67RAULRX93;
				ENABLE_HARDENED_RUNTIME = YES;
				ENABLE_PREVIEWS = YES;
				GENERATE_INFOPLIST_FILE = YES;
				INFOPLIST_FILE = Info.plist;
				INFOPLIST_KEY_NSHumanReadableCopyright = "Marcin Krzyżanowski";
				INFOPLIST_KEY_UILaunchStoryboardName = LaunchScreen.storyboard;
				LD_RUNPATH_SEARCH_PATHS = (
					"$(inherited)",
					"@executable_path/../Frameworks",
				);
				MARKETING_VERSION = 1.0;
				PRODUCT_BUNDLE_IDENTIFIER = best.swift.TextEditUI;
				PRODUCT_NAME = "$(TARGET_NAME)";
				SUPPORTED_PLATFORMS = "iphoneos iphonesimulator macosx";
				SUPPORTS_MACCATALYST = YES;
				SWIFT_EMIT_LOC_STRINGS = YES;
				SWIFT_VERSION = 5.0;
				TARGETED_DEVICE_FAMILY = "1,2,6";
			};
			name = Debug;
		};
		752F2BE82A028FC5009E35E4 /* Release */ = {
			isa = XCBuildConfiguration;
			buildSettings = {
				ASSETCATALOG_COMPILER_APPICON_NAME = AppIcon;
				ASSETCATALOG_COMPILER_GLOBAL_ACCENT_COLOR_NAME = AccentColor;
				CLANG_CXX_LANGUAGE_STANDARD = "gnu++20";
				CODE_SIGN_ENTITLEMENTS = TextEditUI.entitlements;
				CODE_SIGN_STYLE = Automatic;
				COMBINE_HIDPI_IMAGES = YES;
				CURRENT_PROJECT_VERSION = 1;
				DEVELOPMENT_ASSET_PATHS = "\"Preview Content\"";
				DEVELOPMENT_TEAM = 67RAULRX93;
				ENABLE_HARDENED_RUNTIME = YES;
				ENABLE_PREVIEWS = YES;
				GENERATE_INFOPLIST_FILE = YES;
				INFOPLIST_FILE = Info.plist;
				INFOPLIST_KEY_NSHumanReadableCopyright = "Marcin Krzyżanowski";
				INFOPLIST_KEY_UILaunchStoryboardName = LaunchScreen.storyboard;
				LD_RUNPATH_SEARCH_PATHS = (
					"$(inherited)",
					"@executable_path/../Frameworks",
				);
				MARKETING_VERSION = 1.0;
				PRODUCT_BUNDLE_IDENTIFIER = best.swift.TextEditUI;
				PRODUCT_NAME = "$(TARGET_NAME)";
				SUPPORTED_PLATFORMS = "iphoneos iphonesimulator macosx";
				SUPPORTS_MACCATALYST = YES;
				SWIFT_EMIT_LOC_STRINGS = YES;
				SWIFT_VERSION = 5.0;
				TARGETED_DEVICE_FAMILY = "1,2,6";
			};
			name = Release;
		};
		7544424427B9332F00901C0E /* Debug */ = {
			isa = XCBuildConfiguration;
			buildSettings = {
				ALWAYS_SEARCH_USER_PATHS = NO;
				CLANG_ANALYZER_NONNULL = YES;
				CLANG_ANALYZER_NUMBER_OBJECT_CONVERSION = YES_AGGRESSIVE;
				CLANG_CXX_LANGUAGE_STANDARD = "gnu++17";
				CLANG_ENABLE_MODULES = YES;
				CLANG_ENABLE_OBJC_ARC = YES;
				CLANG_ENABLE_OBJC_WEAK = YES;
				CLANG_WARN_BLOCK_CAPTURE_AUTORELEASING = YES;
				CLANG_WARN_BOOL_CONVERSION = YES;
				CLANG_WARN_COMMA = YES;
				CLANG_WARN_CONSTANT_CONVERSION = YES;
				CLANG_WARN_DEPRECATED_OBJC_IMPLEMENTATIONS = YES;
				CLANG_WARN_DIRECT_OBJC_ISA_USAGE = YES_ERROR;
				CLANG_WARN_DOCUMENTATION_COMMENTS = YES;
				CLANG_WARN_EMPTY_BODY = YES;
				CLANG_WARN_ENUM_CONVERSION = YES;
				CLANG_WARN_INFINITE_RECURSION = YES;
				CLANG_WARN_INT_CONVERSION = YES;
				CLANG_WARN_NON_LITERAL_NULL_CONVERSION = YES;
				CLANG_WARN_OBJC_IMPLICIT_RETAIN_SELF = YES;
				CLANG_WARN_OBJC_LITERAL_CONVERSION = YES;
				CLANG_WARN_OBJC_ROOT_CLASS = YES_ERROR;
				CLANG_WARN_QUOTED_INCLUDE_IN_FRAMEWORK_HEADER = YES;
				CLANG_WARN_RANGE_LOOP_ANALYSIS = YES;
				CLANG_WARN_STRICT_PROTOTYPES = YES;
				CLANG_WARN_SUSPICIOUS_MOVE = YES;
				CLANG_WARN_UNGUARDED_AVAILABILITY = YES_AGGRESSIVE;
				CLANG_WARN_UNREACHABLE_CODE = YES;
				CLANG_WARN__DUPLICATE_METHOD_MATCH = YES;
				COPY_PHASE_STRIP = NO;
				DEBUG_INFORMATION_FORMAT = dwarf;
				ENABLE_STRICT_OBJC_MSGSEND = YES;
				ENABLE_TESTABILITY = YES;
				GCC_C_LANGUAGE_STANDARD = gnu11;
				GCC_DYNAMIC_NO_PIC = NO;
				GCC_NO_COMMON_BLOCKS = YES;
				GCC_OPTIMIZATION_LEVEL = 0;
				GCC_PREPROCESSOR_DEFINITIONS = (
					"DEBUG=1",
					"$(inherited)",
				);
				GCC_WARN_64_TO_32_BIT_CONVERSION = YES;
				GCC_WARN_ABOUT_RETURN_TYPE = YES_ERROR;
				GCC_WARN_UNDECLARED_SELECTOR = YES;
				GCC_WARN_UNINITIALIZED_AUTOS = YES_AGGRESSIVE;
				GCC_WARN_UNUSED_FUNCTION = YES;
				GCC_WARN_UNUSED_VARIABLE = YES;
				IPHONEOS_DEPLOYMENT_TARGET = 16.0;
				MACOSX_DEPLOYMENT_TARGET = 13.0;
				MTL_ENABLE_DEBUG_INFO = INCLUDE_SOURCE;
				MTL_FAST_MATH = YES;
				ONLY_ACTIVE_ARCH = YES;
				SDKROOT = macosx;
				SWIFT_ACTIVE_COMPILATION_CONDITIONS = DEBUG;
				SWIFT_OPTIMIZATION_LEVEL = "-Onone";
			};
			name = Debug;
		};
		7544424527B9332F00901C0E /* Release */ = {
			isa = XCBuildConfiguration;
			buildSettings = {
				ALWAYS_SEARCH_USER_PATHS = NO;
				CLANG_ANALYZER_NONNULL = YES;
				CLANG_ANALYZER_NUMBER_OBJECT_CONVERSION = YES_AGGRESSIVE;
				CLANG_CXX_LANGUAGE_STANDARD = "gnu++17";
				CLANG_ENABLE_MODULES = YES;
				CLANG_ENABLE_OBJC_ARC = YES;
				CLANG_ENABLE_OBJC_WEAK = YES;
				CLANG_WARN_BLOCK_CAPTURE_AUTORELEASING = YES;
				CLANG_WARN_BOOL_CONVERSION = YES;
				CLANG_WARN_COMMA = YES;
				CLANG_WARN_CONSTANT_CONVERSION = YES;
				CLANG_WARN_DEPRECATED_OBJC_IMPLEMENTATIONS = YES;
				CLANG_WARN_DIRECT_OBJC_ISA_USAGE = YES_ERROR;
				CLANG_WARN_DOCUMENTATION_COMMENTS = YES;
				CLANG_WARN_EMPTY_BODY = YES;
				CLANG_WARN_ENUM_CONVERSION = YES;
				CLANG_WARN_INFINITE_RECURSION = YES;
				CLANG_WARN_INT_CONVERSION = YES;
				CLANG_WARN_NON_LITERAL_NULL_CONVERSION = YES;
				CLANG_WARN_OBJC_IMPLICIT_RETAIN_SELF = YES;
				CLANG_WARN_OBJC_LITERAL_CONVERSION = YES;
				CLANG_WARN_OBJC_ROOT_CLASS = YES_ERROR;
				CLANG_WARN_QUOTED_INCLUDE_IN_FRAMEWORK_HEADER = YES;
				CLANG_WARN_RANGE_LOOP_ANALYSIS = YES;
				CLANG_WARN_STRICT_PROTOTYPES = YES;
				CLANG_WARN_SUSPICIOUS_MOVE = YES;
				CLANG_WARN_UNGUARDED_AVAILABILITY = YES_AGGRESSIVE;
				CLANG_WARN_UNREACHABLE_CODE = YES;
				CLANG_WARN__DUPLICATE_METHOD_MATCH = YES;
				COPY_PHASE_STRIP = NO;
				DEBUG_INFORMATION_FORMAT = "dwarf-with-dsym";
				ENABLE_NS_ASSERTIONS = NO;
				ENABLE_STRICT_OBJC_MSGSEND = YES;
				GCC_C_LANGUAGE_STANDARD = gnu11;
				GCC_NO_COMMON_BLOCKS = YES;
				GCC_WARN_64_TO_32_BIT_CONVERSION = YES;
				GCC_WARN_ABOUT_RETURN_TYPE = YES_ERROR;
				GCC_WARN_UNDECLARED_SELECTOR = YES;
				GCC_WARN_UNINITIALIZED_AUTOS = YES_AGGRESSIVE;
				GCC_WARN_UNUSED_FUNCTION = YES;
				GCC_WARN_UNUSED_VARIABLE = YES;
				IPHONEOS_DEPLOYMENT_TARGET = 16.0;
				MACOSX_DEPLOYMENT_TARGET = 13.0;
				MTL_ENABLE_DEBUG_INFO = NO;
				MTL_FAST_MATH = YES;
				SDKROOT = macosx;
				SWIFT_COMPILATION_MODE = wholemodule;
				SWIFT_OPTIMIZATION_LEVEL = "-O";
			};
			name = Release;
		};
/* End XCBuildConfiguration section */

/* Begin XCConfigurationList section */
		752F2BE92A028FC5009E35E4 /* Build configuration list for PBXNativeTarget "TextEdit.SwiftUI" */ = {
			isa = XCConfigurationList;
			buildConfigurations = (
				752F2BE72A028FC5009E35E4 /* Debug */,
				752F2BE82A028FC5009E35E4 /* Release */,
			);
			defaultConfigurationIsVisible = 0;
			defaultConfigurationName = Release;
		};
		7544423227B9332E00901C0E /* Build configuration list for PBXProject "TextEdit.SwiftUI" */ = {
			isa = XCConfigurationList;
			buildConfigurations = (
				7544424427B9332F00901C0E /* Debug */,
				7544424527B9332F00901C0E /* Release */,
			);
			defaultConfigurationIsVisible = 0;
			defaultConfigurationName = Release;
		};
/* End XCConfigurationList section */

/* Begin XCSwiftPackageProductDependency section */
		7582A1FB2A07096F00F8AB20 /* STTextView */ = {
			isa = XCSwiftPackageProductDependency;
			productName = STTextView;
		};
/* End XCSwiftPackageProductDependency section */
	};
	rootObject = 7544422F27B9332E00901C0E /* Project object */;
}
